
Microsoft Visual Studio Solution File, Format Version 12.00
# Visual Studio Version 16
VisualStudioVersion = 16.0.29318.209
MinimumVisualStudioVersion = 10.0.40219.1
Project("{FAE04EC0-301F-11D3-BF4B-00C04F79EFBC}") = "AscNetCore.IocManager", "AscNetCore.IocManager\AscNetCore.IocManager.csproj", "{39F218E3-CA09-44FD-951B-D9BB0CBA497C}"
EndProject
Global
	GlobalSection(SolutionConfigurationPlatforms) = preSolution
		Debug|Any CPU = Debug|Any CPU
		Release|Any CPU = Release|Any CPU
	EndGlobalSection
	GlobalSection(ProjectConfigurationPlatforms) = postSolution
		{39F218E3-CA09-44FD-951B-D9BB0CBA497C}.Debug|Any CPU.ActiveCfg = Debug|Any CPU
		{39F218E3-CA09-44FD-951B-D9BB0CBA497C}.Debug|Any CPU.Build.0 = Debug|Any CPU
		{39F218E3-CA09-44FD-951B-D9BB0CBA497C}.Release|Any CPU.ActiveCfg = Release|Any CPU
		{39F218E3-CA09-44FD-951B-D9BB0CBA497C}.Release|Any CPU.Build.0 = Release|Any CPU
	EndGlobalSection
	GlobalSection(SolutionProperties) = preSolution
		HideSolutionNode = FALSE
	EndGlobalSection
	GlobalSection(ExtensibilityGlobals) = postSolution
		SolutionGuid = {4F8574DF-6FB3-404D-B334-969A035E766B}
	EndGlobalSection
EndGlobal
